PODS:
  - ExtensibleEnumeratedName (1.0.3)
  - WolfNumerics (3.0.0)
  - WolfPipe (1.1.0)
  - WolfStrings (1.2):
    - ExtensibleEnumeratedName
    - WolfNumerics
    - WolfPipe
    - WolfWith
  - WolfWith (1.0.2)

DEPENDENCIES:
  - WolfStrings (from `../`)

SPEC REPOS:
  https://github.com/cocoapods/specs.git:
    - ExtensibleEnumeratedName
    - WolfNumerics
    - WolfPipe
    - WolfWith

EXTERNAL SOURCES:
  WolfStrings:
    :path: "../"

SPEC CHECKSUMS:
  ExtensibleEnumeratedName: c6caeb662f79105e7229a613f9043e8a7e15e642
  WolfNumerics: 073642f01957a5602df21531e8b2fd31e8b92042
  WolfPipe: 5d5633fb37d8a524e326ad9cf24420f0971c8235
  WolfStrings: 00237b8bacf8f230fe250dc0a7ba5a1b0b56ede3
  WolfWith: 46dbfeaa023972bb82387740ca38c976bc65fbac

PODFILE CHECKSUM: fee23b701164f2c3c4c48252ce6e2b57c50c4eac

COCOAPODS: 1.6.0.beta.2
